{
  "name": "test-tinycolor-upgrade",
  "version": "1.0.0",
  "lockfileVersion": 2,
  "requires": true,
  "packages": {
    "": {
      "name": "test-tinycolor-upgrade",
      "version": "1.0.0",
      "license": "ISC",
      "dependencies": {
        "@bgrins/test-tinycolor-esm": "^0.0.1"
      }
    },
    "node_modules/@bgrins/test-tinycolor-esm": {
      "version": "0.0.1",
      "resolved": "https://registry.npmjs.org/@bgrins/test-tinycolor-esm/-/test-tinycolor-esm-0.0.1.tgz",
      "integrity": "sha512-JqgAeMtdtby+Im6RLA7TfbTe5GCOyVsclEHIH+KT00HBQ5gmzef/zTyXfuahWTEvLMjdpUJaHX1opR1wx8g4eQ=="
    }
  },
  "dependencies": {
    "@bgrins/test-tinycolor-esm": {
      "version": "0.0.1",
      "resolved": "https://registry.npmjs.org/@bgrins/test-tinycolor-esm/-/test-tinycolor-esm-0.0.1.tgz",
      "integrity": "sha512-JqgAeMtdtby+Im6RLA7TfbTe5GCOyVsclEHIH+KT00HBQ5gmzef/zTyXfuahWTEvLMjdpUJaHX1opR1wx8g4eQ=="
    }
  }
}
