{
  "name": "test-tinycolor-upgrade-esm",
  "version": "1.0.0",
  "lockfileVersion": 2,
  "requires": true,
  "packages": {
    "": {
      "name": "test-tinycolor-upgrade-esm",
      "version": "1.0.0",
      "license": "ISC",
      "devDependencies": {
        "@bgrins/test-tinycolor-esm": "^1.5.1",
        "tinycolor2": "^1.5.0"
      }
    },
    "node_modules/@bgrins/test-tinycolor-esm": {
      "version": "1.5.1",
      "resolved": "https://registry.npmjs.org/@bgrins/test-tinycolor-esm/-/test-tinycolor-esm-1.5.1.tgz",
      "integrity": "sha512-ORZoaRS9zOnFRI+BQyL6FvPZJfhhU8JqYIeKkpQNBCcraXIgrYWanMyyBabz/LJRkm0zx4qrz8SKnF2Q5UkwOQ==",
      "dev": true
    },
    "node_modules/tinycolor2": {
      "version": "1.5.0",
      "resolved": "https://registry.npmjs.org/tinycolor2/-/tinycolor2-1.5.0.tgz",
      "integrity": "sha512-opkFmTUuHQJj6/+A4B432NAptta/ytJq6UiWxqa860hSvMG9m3FxsbR4jYQfdXf59H1aE80Yd0UpFjhbg1e/zw==",
      "dev": true,
      "engines": {
        "node": "*"
      }
    }
  },
  "dependencies": {
    "@bgrins/test-tinycolor-esm": {
      "version": "1.5.1",
      "resolved": "https://registry.npmjs.org/@bgrins/test-tinycolor-esm/-/test-tinycolor-esm-1.5.1.tgz",
      "integrity": "sha512-ORZoaRS9zOnFRI+BQyL6FvPZJfhhU8JqYIeKkpQNBCcraXIgrYWanMyyBabz/LJRkm0zx4qrz8SKnF2Q5UkwOQ==",
      "dev": true
    },
    "tinycolor2": {
      "version": "1.5.0",
      "resolved": "https://registry.npmjs.org/tinycolor2/-/tinycolor2-1.5.0.tgz",
      "integrity": "sha512-opkFmTUuHQJj6/+A4B432NAptta/ytJq6UiWxqa860hSvMG9m3FxsbR4jYQfdXf59H1aE80Yd0UpFjhbg1e/zw==",
      "dev": true
    }
  }
}
