{
  "name": "test-tinycolor-upgrade-esm",
  "version": "1.0.0",
  "lockfileVersion": 2,
  "requires": true,
  "packages": {
    "": {
      "name": "test-tinycolor-upgrade-esm",
      "version": "1.0.0",
      "license": "ISC",
      "dependencies": {
        "@bgrins/test-tinycolor-esm": "^0.0.6"
      }
    },
    "node_modules/@bgrins/test-tinycolor-esm": {
      "version": "0.0.6",
      "resolved": "https://registry.npmjs.org/@bgrins/test-tinycolor-esm/-/test-tinycolor-esm-0.0.6.tgz",
      "integrity": "sha512-RbI81FsL8tuZ2pO1zQyOfyv1S3fdogQVtH4oE1U6TTJPuazAlsa89A/SPMg6xlfZjGI1PNR6s0v6bAlVA7ol5w==",
      "engines": {
        "node": "*"
      }
    }
  },
  "dependencies": {
    "@bgrins/test-tinycolor-esm": {
      "version": "0.0.6",
      "resolved": "https://registry.npmjs.org/@bgrins/test-tinycolor-esm/-/test-tinycolor-esm-0.0.6.tgz",
      "integrity": "sha512-RbI81FsL8tuZ2pO1zQyOfyv1S3fdogQVtH4oE1U6TTJPuazAlsa89A/SPMg6xlfZjGI1PNR6s0v6bAlVA7ol5w=="
    }
  }
}
