{
  "name": "test-tinycolor-upgrade-cjs",
  "version": "1.0.0",
  "lockfileVersion": 2,
  "requires": true,
  "packages": {
    "": {
      "name": "test-tinycolor-upgrade-cjs",
      "version": "1.0.0",
      "license": "ISC",
      "dependencies": {
        "@bgrins/test-tinycolor-esm": "^1.4.2"
      }
    },
    "node_modules/@bgrins/test-tinycolor-esm": {
      "version": "1.4.2",
      "resolved": "https://registry.npmjs.org/@bgrins/test-tinycolor-esm/-/test-tinycolor-esm-1.4.2.tgz",
      "integrity": "sha512-KIS+PoWe0OflEatRTz7BUvTuDu6tlHSq/2RE8ToruwbSFkEDGSaanel7jBbr446Q8yDzc8u1+tR3tx9Wgzb3uA==",
      "engines": {
        "node": "*"
      }
    }
  },
  "dependencies": {
    "@bgrins/test-tinycolor-esm": {
      "version": "1.4.2",
      "resolved": "https://registry.npmjs.org/@bgrins/test-tinycolor-esm/-/test-tinycolor-esm-1.4.2.tgz",
      "integrity": "sha512-KIS+PoWe0OflEatRTz7BUvTuDu6tlHSq/2RE8ToruwbSFkEDGSaanel7jBbr446Q8yDzc8u1+tR3tx9Wgzb3uA=="
    }
  }
}
