{
  "name": "test-tinycolor-upgrade-cjs",
  "version": "1.0.0",
  "lockfileVersion": 2,
  "requires": true,
  "packages": {
    "": {
      "name": "test-tinycolor-upgrade-cjs",
      "version": "1.0.0",
      "license": "ISC",
      "devDependencies": {
        "@bgrins/test-tinycolor-esm": "^1.4.3"
      }
    },
    "node_modules/@bgrins/test-tinycolor-esm": {
      "version": "1.4.3",
      "resolved": "https://registry.npmjs.org/@bgrins/test-tinycolor-esm/-/test-tinycolor-esm-1.4.3.tgz",
      "integrity": "sha512-FTtRFL3WuA3Zx74qFPBwrXOyHc6IyQTMqae8xMBj6jfZLHWVh2ItWLBlt51lOIY6xxA3MZtEnBLAykchCJsVBA==",
      "dev": true,
      "engines": {
        "node": "*"
      }
    }
  },
  "dependencies": {
    "@bgrins/test-tinycolor-esm": {
      "version": "1.4.3",
      "resolved": "https://registry.npmjs.org/@bgrins/test-tinycolor-esm/-/test-tinycolor-esm-1.4.3.tgz",
      "integrity": "sha512-FTtRFL3WuA3Zx74qFPBwrXOyHc6IyQTMqae8xMBj6jfZLHWVh2ItWLBlt51lOIY6xxA3MZtEnBLAykchCJsVBA==",
      "dev": true
    }
  }
}
