{
  "name": "beta",
  "version": "1.0.0",
  "lockfileVersion": 2,
  "requires": true,
  "packages": {
    "": {
      "name": "beta",
      "version": "1.0.0",
      "license": "ISC",
      "dependencies": {
        "tinycolor2": "^1.6.0-beta.1"
      }
    },
    "node_modules/tinycolor2": {
      "version": "1.6.0-beta.1",
      "resolved": "https://registry.npmjs.org/tinycolor2/-/tinycolor2-1.6.0-beta.1.tgz",
      "integrity": "sha512-4X0i3n2W3/++DFyef9vV38nJJMYqRjJGDlHhB9UhYDqXJgI9SKgd6nBQThhVlq+0UG65t9zX/Tu87ZenJOB2uQ=="
    }
  },
  "dependencies": {
    "tinycolor2": {
      "version": "1.6.0-beta.1",
      "resolved": "https://registry.npmjs.org/tinycolor2/-/tinycolor2-1.6.0-beta.1.tgz",
      "integrity": "sha512-4X0i3n2W3/++DFyef9vV38nJJMYqRjJGDlHhB9UhYDqXJgI9SKgd6nBQThhVlq+0UG65t9zX/Tu87ZenJOB2uQ=="
    }
  }
}
