{
  "name": "revert",
  "version": "1.0.0",
  "lockfileVersion": 2,
  "requires": true,
  "packages": {
    "": {
      "name": "revert",
      "version": "1.0.0",
      "license": "ISC",
      "dependencies": {
        "tinycolor2": "^1.5.1"
      }
    },
    "node_modules/tinycolor2": {
      "version": "1.5.1",
      "resolved": "https://registry.npmjs.org/tinycolor2/-/tinycolor2-1.5.1.tgz",
      "integrity": "sha512-BHlrsGeYN2OpkRpfAgkEwCMu6w8Quq8JkK/mp4c55NZP7OwceJObR1CPZt62TqiA0Y3J5pwuDX+fXDqc35REtg==",
      "engines": {
        "node": "*"
      }
    }
  },
  "dependencies": {
    "tinycolor2": {
      "version": "1.5.1",
      "resolved": "https://registry.npmjs.org/tinycolor2/-/tinycolor2-1.5.1.tgz",
      "integrity": "sha512-BHlrsGeYN2OpkRpfAgkEwCMu6w8Quq8JkK/mp4c55NZP7OwceJObR1CPZt62TqiA0Y3J5pwuDX+fXDqc35REtg=="
    }
  }
}
